NeoBundleLock DoxygenToolkit.vim afd8663d36d2ec19d26befdb10e89e912d26bbd3
NeoBundleLock YouCompleteMe f20c69321d5152662f86f8903af258e22a64823d
NeoBundleLock delimitMate 8bc47fd1c40cdad9ea1f36c0cf13592c70ea65e9
NeoBundleLock ghcmod-vim 3e012a5b0b904c5c32eeea39071534d492a64a0f
NeoBundleLock gitv e10a8963e0ff1387e7e764f799a5bba693a739b3
NeoBundleLock haskell.vim 24b7c4ceda0bb438d09e7c83caa0d70e135ab6a0
NeoBundleLock neco-ghc 597e8ebf25160b86ee9c865779d39df7a82047c0
NeoBundleLock neobundle.vim 69c65de516c8a02853743053e6602b90a1a82c8e
NeoBundleLock neomru.vim 8aa00e181bb764956a40764ae325a485a93f513a
NeoBundleLock nerdcommenter 5cc672a4f2adb734ac671499476034f0cd1d3d72
NeoBundleLock python-mode 4bda3035ce9523a6d31792bc6c22ce2b9e0ae9a3
NeoBundleLock repl.vim d1f4473f0903770114c6967449d3b5f060e214af
NeoBundleLock syntastic f6eaf7e8b85b16a049c9985a13e8e237d906a71d
NeoBundleLock tabline.vim 87e40395fdeed63bd14ef68b95404243bece609e
NeoBundleLock tagbar 7b36c46d17d57db34fdb0adac9ba6382d0bb5e66
NeoBundleLock tomorrow-theme 0e0d35ac303f99b8aa182091ebeaee81cf2183a0
NeoBundleLock ultisnips 1ce44ac9c8731645070aea5e7c41521b3d95e1b3
NeoBundleLock unite-help f61cbf4015c143ebe6ca6cb589b088665a8325cd
NeoBundleLock unite-launch c4d16f87f2eea26b0fab6b744601d90f4ea89dcf
NeoBundleLock unite-outline eed59c431309d2eca5f33dd89e4d241288b4fc81
NeoBundleLock unite-tag 6b2de80e0a1f4e4c5701fdbbc9b868e62062adc8
NeoBundleLock unite.vim 87bbba956bab3473aca1556d830417643a9fa53a
NeoBundleLock vim-airline 14d14cf951c08fc88ca6c3e6f28fe47b99421e23
NeoBundleLock vim-codefmt 74dbd84db401a86155995d1eed77f54b3d667b69
NeoBundleLock vim-cpp-enhanced-highlight 9fd8048a7ee5a6d2e3c0d189b10973e734161269
NeoBundleLock vim-endwise f06abe3d6eca6f6ebfc31ea3163a51575f450df6
NeoBundleLock vim-fugitive dba8a0705d95cda76d599bb7d09964d67741a5c5
NeoBundleLock vim-glaive f0a44ceb6a6f90de1d56bfb60c2686b81f79672a
NeoBundleLock vim-go 8f11f67bc8383f010f7cf8bd6490fdbeaa444f4e
NeoBundleLock vim-indent-object 1d3e4aac0117d57c3e1aaaa7e5a99f1d7553e01b
NeoBundleLock vim-maktaba d33b26db201d2e647ca5ca2f0217cccfdc1adcf0
NeoBundleLock vim-markdown 8a709ef28a77629b11769c703c4864133d658947
NeoBundleLock vim-python-syntax fee7fc488f31a704a977cce5b80f3ef919eb295c
NeoBundleLock vim-qfreplace 89e64ae24fb4b8e2402ba6d84971c06606f4adf4
NeoBundleLock vim-sbt 60f51c1cd71c7d7768e22b5fccdb2121de65b1d8
NeoBundleLock vim-scala 71ada50fc5e2b3c9fdbdb75835a218d2c245efec
NeoBundleLock vim-snippets 15387bd29f4bebbb133356b127e551694325e36c
NeoBundleLock vim-speeddating 426c792e479f6e1650a6996c683943a09344c21e
NeoBundleLock vim-surround 2d05440ad23f97a7874ebd9b5de3a0e65d25d85c
NeoBundleLock vimfiler.vim 259d52c6f6ffc267c63eb95fe5fd026d29ddbe71
NeoBundleLock vimproc.vim c40f7e77e6ff0586ff6951e7cf479b3dc81bb69d
